
Microsoft Visual Studio Solution File, Format Version 12.00
Project("{FAE04EC0-301F-11D3-BF4B-00C04F79EFBC}") = "InvoiceSoftware", "InvoiceSoftware\InvoiceSoftware\InvoiceSoftware.csproj", "{FB089B1D-9DA7-4454-9D57-741CB5E692BA}"
EndProject
Project("{FAE04EC0-301F-11D3-BF4B-00C04F79EFBC}") = "InvoiceSoftware.Client", "InvoiceSoftware\InvoiceSoftware.Client\InvoiceSoftware.Client.csproj", "{EBAC7B4C-57B7-45CE-8C3B-BDE50A01CFF6}"
EndProject
Project("{FAE04EC0-301F-11D3-BF4B-00C04F79EFBC}") = "InvoiceSoftware.Domain", "InvoiceSoftware\InvoiceSoftware.Domain\InvoiceSoftware.Domain.csproj", "{3D475477-1B23-405B-88EE-3CED9926E71F}"
EndProject
Project("{FAE04EC0-301F-11D3-BF4B-00C04F79EFBC}") = "InvoiceSoftware.Infrastructure", "InvoiceSoftware\InvoiceSoftware.Infrastructure\InvoiceSoftware.Infrastructure.csproj", "{0516B42C-9388-4218-B84C-9137061C6F89}"
EndProject
Project("{FAE04EC0-301F-11D3-BF4B-00C04F79EFBC}") = "InvoiceSoftware.Shared", "InvoiceSoftware\InvoiceSoftware.Shared\InvoiceSoftware.Shared.csproj", "{28A0C65E-B116-41B2-8F85-601889DECF05}"
EndProject
Global
	GlobalSection(SolutionConfigurationPlatforms) = preSolution
		Debug|Any CPU = Debug|Any CPU
		Debug|x64 = Debug|x64
		Debug|x86 = Debug|x86
		Release|Any CPU = Release|Any CPU
		Release|x64 = Release|x64
		Release|x86 = Release|x86
	EndGlobalSection
	GlobalSection(ProjectConfigurationPlatforms) = postSolution
		{FB089B1D-9DA7-4454-9D57-741CB5E692BA}.Debug|Any CPU.ActiveCfg = Debug|Any CPU
		{FB089B1D-9DA7-4454-9D57-741CB5E692BA}.Debug|Any CPU.Build.0 = Debug|Any CPU
		{FB089B1D-9DA7-4454-9D57-741CB5E692BA}.Debug|x64.ActiveCfg = Debug|Any CPU
		{FB089B1D-9DA7-4454-9D57-741CB5E692BA}.Debug|x64.Build.0 = Debug|Any CPU
		{FB089B1D-9DA7-4454-9D57-741CB5E692BA}.Debug|x86.ActiveCfg = Debug|Any CPU
		{FB089B1D-9DA7-4454-9D57-741CB5E692BA}.Debug|x86.Build.0 = Debug|Any CPU
		{FB089B1D-9DA7-4454-9D57-741CB5E692BA}.Release|Any CPU.ActiveCfg = Release|Any CPU
		{FB089B1D-9DA7-4454-9D57-741CB5E692BA}.Release|Any CPU.Build.0 = Release|Any CPU
		{FB089B1D-9DA7-4454-9D57-741CB5E692BA}.Release|x64.ActiveCfg = Release|Any CPU
		{FB089B1D-9DA7-4454-9D57-741CB5E692BA}.Release|x64.Build.0 = Release|Any CPU
		{FB089B1D-9DA7-4454-9D57-741CB5E692BA}.Release|x86.ActiveCfg = Release|Any CPU
		{FB089B1D-9DA7-4454-9D57-741CB5E692BA}.Release|x86.Build.0 = Release|Any CPU
		{EBAC7B4C-57B7-45CE-8C3B-BDE50A01CFF6}.Debug|Any CPU.ActiveCfg = Debug|Any CPU
		{EBAC7B4C-57B7-45CE-8C3B-BDE50A01CFF6}.Debug|Any CPU.Build.0 = Debug|Any CPU
		{EBAC7B4C-57B7-45CE-8C3B-BDE50A01CFF6}.Debug|x64.ActiveCfg = Debug|Any CPU
		{EBAC7B4C-57B7-45CE-8C3B-BDE50A01CFF6}.Debug|x64.Build.0 = Debug|Any CPU
		{EBAC7B4C-57B7-45CE-8C3B-BDE50A01CFF6}.Debug|x86.ActiveCfg = Debug|Any CPU
		{EBAC7B4C-57B7-45CE-8C3B-BDE50A01CFF6}.Debug|x86.Build.0 = Debug|Any CPU
		{EBAC7B4C-57B7-45CE-8C3B-BDE50A01CFF6}.Release|Any CPU.ActiveCfg = Release|Any CPU
		{EBAC7B4C-57B7-45CE-8C3B-BDE50A01CFF6}.Release|Any CPU.Build.0 = Release|Any CPU
		{EBAC7B4C-57B7-45CE-8C3B-BDE50A01CFF6}.Release|x64.ActiveCfg = Release|Any CPU
		{EBAC7B4C-57B7-45CE-8C3B-BDE50A01CFF6}.Release|x64.Build.0 = Release|Any CPU
		{EBAC7B4C-57B7-45CE-8C3B-BDE50A01CFF6}.Release|x86.ActiveCfg = Release|Any CPU
		{EBAC7B4C-57B7-45CE-8C3B-BDE50A01CFF6}.Release|x86.Build.0 = Release|Any CPU
		{3D475477-1B23-405B-88EE-3CED9926E71F}.Debug|Any CPU.ActiveCfg = Debug|Any CPU
		{3D475477-1B23-405B-88EE-3CED9926E71F}.Debug|Any CPU.Build.0 = Debug|Any CPU
		{3D475477-1B23-405B-88EE-3CED9926E71F}.Debug|x64.ActiveCfg = Debug|Any CPU
		{3D475477-1B23-405B-88EE-3CED9926E71F}.Debug|x64.Build.0 = Debug|Any CPU
		{3D475477-1B23-405B-88EE-3CED9926E71F}.Debug|x86.ActiveCfg = Debug|Any CPU
		{3D475477-1B23-405B-88EE-3CED9926E71F}.Debug|x86.Build.0 = Debug|Any CPU
		{3D475477-1B23-405B-88EE-3CED9926E71F}.Release|Any CPU.ActiveCfg = Release|Any CPU
		{3D475477-1B23-405B-88EE-3CED9926E71F}.Release|Any CPU.Build.0 = Release|Any CPU
		{3D475477-1B23-405B-88EE-3CED9926E71F}.Release|x64.ActiveCfg = Release|Any CPU
		{3D475477-1B23-405B-88EE-3CED9926E71F}.Release|x64.Build.0 = Release|Any CPU
		{3D475477-1B23-405B-88EE-3CED9926E71F}.Release|x86.ActiveCfg = Release|Any CPU
		{3D475477-1B23-405B-88EE-3CED9926E71F}.Release|x86.Build.0 = Release|Any CPU
		{0516B42C-9388-4218-B84C-9137061C6F89}.Debug|Any CPU.ActiveCfg = Debug|Any CPU
		{0516B42C-9388-4218-B84C-9137061C6F89}.Debug|Any CPU.Build.0 = Debug|Any CPU
		{0516B42C-9388-4218-B84C-9137061C6F89}.Debug|x64.ActiveCfg = Debug|Any CPU
		{0516B42C-9388-4218-B84C-9137061C6F89}.Debug|x64.Build.0 = Debug|Any CPU
		{0516B42C-9388-4218-B84C-9137061C6F89}.Debug|x86.ActiveCfg = Debug|Any CPU
		{0516B42C-9388-4218-B84C-9137061C6F89}.Debug|x86.Build.0 = Debug|Any CPU
		{0516B42C-9388-4218-B84C-9137061C6F89}.Release|Any CPU.ActiveCfg = Release|Any CPU
		{0516B42C-9388-4218-B84C-9137061C6F89}.Release|Any CPU.Build.0 = Release|Any CPU
		{0516B42C-9388-4218-B84C-9137061C6F89}.Release|x64.ActiveCfg = Release|Any CPU
		{0516B42C-9388-4218-B84C-9137061C6F89}.Release|x64.Build.0 = Release|Any CPU
		{0516B42C-9388-4218-B84C-9137061C6F89}.Release|x86.ActiveCfg = Release|Any CPU
		{0516B42C-9388-4218-B84C-9137061C6F89}.Release|x86.Build.0 = Release|Any CPU
		{28A0C65E-B116-41B2-8F85-601889DECF05}.Debug|Any CPU.ActiveCfg = Debug|Any CPU
		{28A0C65E-B116-41B2-8F85-601889DECF05}.Debug|Any CPU.Build.0 = Debug|Any CPU
		{28A0C65E-B116-41B2-8F85-601889DECF05}.Debug|x64.ActiveCfg = Debug|Any CPU
		{28A0C65E-B116-41B2-8F85-601889DECF05}.Debug|x64.Build.0 = Debug|Any CPU
		{28A0C65E-B116-41B2-8F85-601889DECF05}.Debug|x86.ActiveCfg = Debug|Any CPU
		{28A0C65E-B116-41B2-8F85-601889DECF05}.Debug|x86.Build.0 = Debug|Any CPU
		{28A0C65E-B116-41B2-8F85-601889DECF05}.Release|Any CPU.ActiveCfg = Release|Any CPU
		{28A0C65E-B116-41B2-8F85-601889DECF05}.Release|Any CPU.Build.0 = Release|Any CPU
		{28A0C65E-B116-41B2-8F85-601889DECF05}.Release|x64.ActiveCfg = Release|Any CPU
		{28A0C65E-B116-41B2-8F85-601889DECF05}.Release|x64.Build.0 = Release|Any CPU
		{28A0C65E-B116-41B2-8F85-601889DECF05}.Release|x86.ActiveCfg = Release|Any CPU
		{28A0C65E-B116-41B2-8F85-601889DECF05}.Release|x86.Build.0 = Release|Any CPU
	EndGlobalSection
	GlobalSection(SolutionProperties) = preSolution
		HideSolutionNode = FALSE
	EndGlobalSection
EndGlobal
